
Microsoft Visual Studio Solution File, Format Version 12.00
# Visual Studio Version 16
VisualStudioVersion = 16.0.31410.357
MinimumVisualStudioVersion = 10.0.40219.1
Project("{2150E333-8FDC-42A3-9474-1A3956D46DE8}") = "DAL", "DAL", "{0D083CDF-7B4A-49A1-8499-3F7D32B24461}"
EndProject
Project("{FAE04EC0-301F-11D3-BF4B-00C04F79EFBC}") = "OnlineAuction.DAL.Interface", "OnlineAuction.DAL.Interface\OnlineAuction.DAL.Interface.csproj", "{3B86226C-E8A8-4E9E-A796-DC81A03D03FD}"
EndProject
Project("{FAE04EC0-301F-11D3-BF4B-00C04F79EFBC}") = "OnlineAuction.DAL", "OnlineAuction.DAL\OnlineAuction.DAL.csproj", "{AF0439C3-E222-444B-A018-618BFC8DA9E8}"
EndProject
Project("{2150E333-8FDC-42A3-9474-1A3956D46DE8}") = "Common", "Common", "{D11CAD34-4BAC-4B97-9F41-4456FD69AFA2}"
EndProject
Project("{FAE04EC0-301F-11D3-BF4B-00C04F79EFBC}") = "OnlineAuction.Dependencies", "OnlineAuction.Dependencies\OnlineAuction.Dependencies.csproj", "{E92E1F92-1FC5-4FA5-B50D-1B3A3FC129BA}"
EndProject
Project("{FAE04EC0-301F-11D3-BF4B-00C04F79EFBC}") = "OnlineAuction.Entities", "OnlineAuction.Entities\OnlineAuction.Entities.csproj", "{239CBDC0-C36D-4FDF-A096-1ED0911F1307}"
EndProject
Project("{2150E333-8FDC-42A3-9474-1A3956D46DE8}") = "BLL", "BLL", "{BE63929E-49FB-4B9A-99E7-A78AE80EA82B}"
EndProject
Project("{FAE04EC0-301F-11D3-BF4B-00C04F79EFBC}") = "OnlineAuction.BLL.Interface", "OnlineAuction.BLL.Interface\OnlineAuction.BLL.Interface.csproj", "{614883EB-D171-4A5D-B0E9-2FA16514AA34}"
EndProject
Project("{FAE04EC0-301F-11D3-BF4B-00C04F79EFBC}") = "OnlineAuction.BLL", "OnlineAuction.BLL\OnlineAuction.BLL.csproj", "{925E06A3-A2B7-45EB-9C83-E8283467A0D0}"
EndProject
Project("{2150E333-8FDC-42A3-9474-1A3956D46DE8}") = "PL", "PL", "{EF1646AC-43F6-4221-A874-594CF1E7C058}"
EndProject
Project("{FAE04EC0-301F-11D3-BF4B-00C04F79EFBC}") = "OnlineAuction.PL", "OnlineAuction.PL\OnlineAuction.PL.csproj", "{D5F11B21-6130-4A1D-9D9B-3E6DC15C1F94}"
EndProject
Global
	GlobalSection(SolutionConfigurationPlatforms) = preSolution
		Debug|Any CPU = Debug|Any CPU
		Release|Any CPU = Release|Any CPU
	EndGlobalSection
	GlobalSection(ProjectConfigurationPlatforms) = postSolution
		{3B86226C-E8A8-4E9E-A796-DC81A03D03FD}.Debug|Any CPU.ActiveCfg = Debug|Any CPU
		{3B86226C-E8A8-4E9E-A796-DC81A03D03FD}.Debug|Any CPU.Build.0 = Debug|Any CPU
		{3B86226C-E8A8-4E9E-A796-DC81A03D03FD}.Release|Any CPU.ActiveCfg = Release|Any CPU
		{3B86226C-E8A8-4E9E-A796-DC81A03D03FD}.Release|Any CPU.Build.0 = Release|Any CPU
		{AF0439C3-E222-444B-A018-618BFC8DA9E8}.Debug|Any CPU.ActiveCfg = Debug|Any CPU
		{AF0439C3-E222-444B-A018-618BFC8DA9E8}.Debug|Any CPU.Build.0 = Debug|Any CPU
		{AF0439C3-E222-444B-A018-618BFC8DA9E8}.Release|Any CPU.ActiveCfg = Release|Any CPU
		{AF0439C3-E222-444B-A018-618BFC8DA9E8}.Release|Any CPU.Build.0 = Release|Any CPU
		{E92E1F92-1FC5-4FA5-B50D-1B3A3FC129BA}.Debug|Any CPU.ActiveCfg = Debug|Any CPU
		{E92E1F92-1FC5-4FA5-B50D-1B3A3FC129BA}.Debug|Any CPU.Build.0 = Debug|Any CPU
		{E92E1F92-1FC5-4FA5-B50D-1B3A3FC129BA}.Release|Any CPU.ActiveCfg = Release|Any CPU
		{E92E1F92-1FC5-4FA5-B50D-1B3A3FC129BA}.Release|Any CPU.Build.0 = Release|Any CPU
		{239CBDC0-C36D-4FDF-A096-1ED0911F1307}.Debug|Any CPU.ActiveCfg = Debug|Any CPU
		{239CBDC0-C36D-4FDF-A096-1ED0911F1307}.Debug|Any CPU.Build.0 = Debug|Any CPU
		{239CBDC0-C36D-4FDF-A096-1ED0911F1307}.Release|Any CPU.ActiveCfg = Release|Any CPU
		{239CBDC0-C36D-4FDF-A096-1ED0911F1307}.Release|Any CPU.Build.0 = Release|Any CPU
		{614883EB-D171-4A5D-B0E9-2FA16514AA34}.Debug|Any CPU.ActiveCfg = Debug|Any CPU
		{614883EB-D171-4A5D-B0E9-2FA16514AA34}.Debug|Any CPU.Build.0 = Debug|Any CPU
		{614883EB-D171-4A5D-B0E9-2FA16514AA34}.Release|Any CPU.ActiveCfg = Release|Any CPU
		{614883EB-D171-4A5D-B0E9-2FA16514AA34}.Release|Any CPU.Build.0 = Release|Any CPU
		{925E06A3-A2B7-45EB-9C83-E8283467A0D0}.Debug|Any CPU.ActiveCfg = Debug|Any CPU
		{925E06A3-A2B7-45EB-9C83-E8283467A0D0}.Debug|Any CPU.Build.0 = Debug|Any CPU
		{925E06A3-A2B7-45EB-9C83-E8283467A0D0}.Release|Any CPU.ActiveCfg = Release|Any CPU
		{925E06A3-A2B7-45EB-9C83-E8283467A0D0}.Release|Any CPU.Build.0 = Release|Any CPU
		{D5F11B21-6130-4A1D-9D9B-3E6DC15C1F94}.Debug|Any CPU.ActiveCfg = Debug|Any CPU
		{D5F11B21-6130-4A1D-9D9B-3E6DC15C1F94}.Debug|Any CPU.Build.0 = Debug|Any CPU
		{D5F11B21-6130-4A1D-9D9B-3E6DC15C1F94}.Release|Any CPU.ActiveCfg = Release|Any CPU
		{D5F11B21-6130-4A1D-9D9B-3E6DC15C1F94}.Release|Any CPU.Build.0 = Release|Any CPU
	EndGlobalSection
	GlobalSection(SolutionProperties) = preSolution
		HideSolutionNode = FALSE
	EndGlobalSection
	GlobalSection(NestedProjects) = preSolution
		{3B86226C-E8A8-4E9E-A796-DC81A03D03FD} = {0D083CDF-7B4A-49A1-8499-3F7D32B24461}
		{AF0439C3-E222-444B-A018-618BFC8DA9E8} = {0D083CDF-7B4A-49A1-8499-3F7D32B24461}
		{E92E1F92-1FC5-4FA5-B50D-1B3A3FC129BA} = {D11CAD34-4BAC-4B97-9F41-4456FD69AFA2}
		{239CBDC0-C36D-4FDF-A096-1ED0911F1307} = {D11CAD34-4BAC-4B97-9F41-4456FD69AFA2}
		{614883EB-D171-4A5D-B0E9-2FA16514AA34} = {BE63929E-49FB-4B9A-99E7-A78AE80EA82B}
		{925E06A3-A2B7-45EB-9C83-E8283467A0D0} = {BE63929E-49FB-4B9A-99E7-A78AE80EA82B}
		{D5F11B21-6130-4A1D-9D9B-3E6DC15C1F94} = {EF1646AC-43F6-4221-A874-594CF1E7C058}
	EndGlobalSection
	GlobalSection(ExtensibilityGlobals) = postSolution
		SolutionGuid = {B035B351-F3B0-466A-B33D-07114EBD82C0}
	EndGlobalSection
EndGlobal
